
Microsoft Visual Studio Solution File, Format Version 12.00
Project("{FAE04EC0-301F-11D3-BF4B-00C04F79EFBC}") = "WebApp", "WebApp\WebApp.csproj", "{54E149B3-F1FA-4CF2-9EAB-FA63ECD5C67C}"
EndProject
Project("{FAE04EC0-301F-11D3-BF4B-00C04F79EFBC}") = "Domain", "Domain\Domain.csproj", "{424A2C2E-1559-4341-A864-61DAE03FC33D}"
EndProject
Project("{FAE04EC0-301F-11D3-BF4B-00C04F79EFBC}") = "Contracts.DAL.Base", "Contracts.DAL.Base\Contracts.DAL.Base.csproj", "{20164FF0-4D64-43BD-A1EA-E1D33A70BBE7}"
EndProject
Project("{FAE04EC0-301F-11D3-BF4B-00C04F79EFBC}") = "Contracts.DAL.App", "Contracts.DAL.App\Contracts.DAL.App.csproj", "{2A6A6A17-7F31-4698-B916-67FDD4FBD2D1}"
EndProject
Project("{FAE04EC0-301F-11D3-BF4B-00C04F79EFBC}") = "DAL.Base.EF", "DAL.Base.EF\DAL.Base.EF.csproj", "{79275C82-5BD4-4DAC-8184-0399BAE271B4}"
EndProject
Project("{FAE04EC0-301F-11D3-BF4B-00C04F79EFBC}") = "DAL.App.EF", "DAL.App.EF\DAL.App.EF.csproj", "{75D4D93C-E644-43ED-98EA-88798BCAE45C}"
EndProject
Project("{FAE04EC0-301F-11D3-BF4B-00C04F79EFBC}") = "Identity", "Identity\Identity.csproj", "{81C366F2-D084-4816-9D21-AFA50A1EFA76}"
EndProject
Project("{FAE04EC0-301F-11D3-BF4B-00C04F79EFBC}") = "DAL.App.DTO", "DAL.App.DTO\DAL.App.DTO.csproj", "{70EE148F-BE6D-4F6F-BE2D-9E77AB816F72}"
EndProject
Project("{FAE04EC0-301F-11D3-BF4B-00C04F79EFBC}") = "BLL.App.DTO", "BLL.App.DTO\BLL.App.DTO.csproj", "{9C44A923-A9A0-4A74-BA2D-A6E383A70205}"
EndProject
Project("{FAE04EC0-301F-11D3-BF4B-00C04F79EFBC}") = "Contracts.BLL.Base", "Contracts.BLL.Base\Contracts.BLL.Base.csproj", "{362BC603-4D9F-48FA-8E5A-CE1AD9B9CAF5}"
EndProject
Project("{FAE04EC0-301F-11D3-BF4B-00C04F79EFBC}") = "Contracts.BLL.App", "Contracts.BLL.App\Contracts.BLL.App.csproj", "{6FFF0A10-E98D-403A-95AD-417ECD10E6C5}"
EndProject
Project("{FAE04EC0-301F-11D3-BF4B-00C04F79EFBC}") = "Contracts.Base", "Contracts.Base\Contracts.Base.csproj", "{CDECEDB3-C79F-4E5B-A123-0184784B679F}"
EndProject
Project("{FAE04EC0-301F-11D3-BF4B-00C04F79EFBC}") = "BLL.Base", "BLL.Base\BLL.Base.csproj", "{D74756A3-688F-4C6B-AF53-97E6A859D289}"
EndProject
Project("{FAE04EC0-301F-11D3-BF4B-00C04F79EFBC}") = "BLL.App", "BLL.App\BLL.App.csproj", "{238DBCC9-F361-4B9F-A3EB-221657128F22}"
EndProject
Project("{FAE04EC0-301F-11D3-BF4B-00C04F79EFBC}") = "PublicApi.v1", "PublicApi.v1\PublicApi.v1.csproj", "{E7BB3585-7CDC-469F-BD44-6944CB86363B}"
EndProject
Project("{FAE04EC0-301F-11D3-BF4B-00C04F79EFBC}") = "PublicApi.v1.DTO", "PublicApi.v1.DTO\PublicApi.v1.DTO.csproj", "{C80391E8-00FE-4E08-9856-F3D80250120B}"
EndProject
Project("{FAE04EC0-301F-11D3-BF4B-00C04F79EFBC}") = "Test", "Test\Test.csproj", "{9D63E33E-9A2E-4D4B-8FE5-59563403BD9F}"
EndProject
Global
	GlobalSection(SolutionConfigurationPlatforms) = preSolution
		Debug|Any CPU = Debug|Any CPU
		Release|Any CPU = Release|Any CPU
	EndGlobalSection
	GlobalSection(ProjectConfigurationPlatforms) = postSolution
		{54E149B3-F1FA-4CF2-9EAB-FA63ECD5C67C}.Debug|Any CPU.ActiveCfg = Debug|Any CPU
		{54E149B3-F1FA-4CF2-9EAB-FA63ECD5C67C}.Debug|Any CPU.Build.0 = Debug|Any CPU
		{54E149B3-F1FA-4CF2-9EAB-FA63ECD5C67C}.Release|Any CPU.ActiveCfg = Release|Any CPU
		{54E149B3-F1FA-4CF2-9EAB-FA63ECD5C67C}.Release|Any CPU.Build.0 = Release|Any CPU
		{424A2C2E-1559-4341-A864-61DAE03FC33D}.Debug|Any CPU.ActiveCfg = Debug|Any CPU
		{424A2C2E-1559-4341-A864-61DAE03FC33D}.Debug|Any CPU.Build.0 = Debug|Any CPU
		{424A2C2E-1559-4341-A864-61DAE03FC33D}.Release|Any CPU.ActiveCfg = Release|Any CPU
		{424A2C2E-1559-4341-A864-61DAE03FC33D}.Release|Any CPU.Build.0 = Release|Any CPU
		{20164FF0-4D64-43BD-A1EA-E1D33A70BBE7}.Debug|Any CPU.ActiveCfg = Debug|Any CPU
		{20164FF0-4D64-43BD-A1EA-E1D33A70BBE7}.Debug|Any CPU.Build.0 = Debug|Any CPU
		{20164FF0-4D64-43BD-A1EA-E1D33A70BBE7}.Release|Any CPU.ActiveCfg = Release|Any CPU
		{20164FF0-4D64-43BD-A1EA-E1D33A70BBE7}.Release|Any CPU.Build.0 = Release|Any CPU
		{2A6A6A17-7F31-4698-B916-67FDD4FBD2D1}.Debug|Any CPU.ActiveCfg = Debug|Any CPU
		{2A6A6A17-7F31-4698-B916-67FDD4FBD2D1}.Debug|Any CPU.Build.0 = Debug|Any CPU
		{2A6A6A17-7F31-4698-B916-67FDD4FBD2D1}.Release|Any CPU.ActiveCfg = Release|Any CPU
		{2A6A6A17-7F31-4698-B916-67FDD4FBD2D1}.Release|Any CPU.Build.0 = Release|Any CPU
		{79275C82-5BD4-4DAC-8184-0399BAE271B4}.Debug|Any CPU.ActiveCfg = Debug|Any CPU
		{79275C82-5BD4-4DAC-8184-0399BAE271B4}.Debug|Any CPU.Build.0 = Debug|Any CPU
		{79275C82-5BD4-4DAC-8184-0399BAE271B4}.Release|Any CPU.ActiveCfg = Release|Any CPU
		{79275C82-5BD4-4DAC-8184-0399BAE271B4}.Release|Any CPU.Build.0 = Release|Any CPU
		{75D4D93C-E644-43ED-98EA-88798BCAE45C}.Debug|Any CPU.ActiveCfg = Debug|Any CPU
		{75D4D93C-E644-43ED-98EA-88798BCAE45C}.Debug|Any CPU.Build.0 = Debug|Any CPU
		{75D4D93C-E644-43ED-98EA-88798BCAE45C}.Release|Any CPU.ActiveCfg = Release|Any CPU
		{75D4D93C-E644-43ED-98EA-88798BCAE45C}.Release|Any CPU.Build.0 = Release|Any CPU
		{81C366F2-D084-4816-9D21-AFA50A1EFA76}.Debug|Any CPU.ActiveCfg = Debug|Any CPU
		{81C366F2-D084-4816-9D21-AFA50A1EFA76}.Debug|Any CPU.Build.0 = Debug|Any CPU
		{81C366F2-D084-4816-9D21-AFA50A1EFA76}.Release|Any CPU.ActiveCfg = Release|Any CPU
		{81C366F2-D084-4816-9D21-AFA50A1EFA76}.Release|Any CPU.Build.0 = Release|Any CPU
		{70EE148F-BE6D-4F6F-BE2D-9E77AB816F72}.Debug|Any CPU.ActiveCfg = Debug|Any CPU
		{70EE148F-BE6D-4F6F-BE2D-9E77AB816F72}.Debug|Any CPU.Build.0 = Debug|Any CPU
		{70EE148F-BE6D-4F6F-BE2D-9E77AB816F72}.Release|Any CPU.ActiveCfg = Release|Any CPU
		{70EE148F-BE6D-4F6F-BE2D-9E77AB816F72}.Release|Any CPU.Build.0 = Release|Any CPU
		{9C44A923-A9A0-4A74-BA2D-A6E383A70205}.Debug|Any CPU.ActiveCfg = Debug|Any CPU
		{9C44A923-A9A0-4A74-BA2D-A6E383A70205}.Debug|Any CPU.Build.0 = Debug|Any CPU
		{9C44A923-A9A0-4A74-BA2D-A6E383A70205}.Release|Any CPU.ActiveCfg = Release|Any CPU
		{9C44A923-A9A0-4A74-BA2D-A6E383A70205}.Release|Any CPU.Build.0 = Release|Any CPU
		{362BC603-4D9F-48FA-8E5A-CE1AD9B9CAF5}.Debug|Any CPU.ActiveCfg = Debug|Any CPU
		{362BC603-4D9F-48FA-8E5A-CE1AD9B9CAF5}.Debug|Any CPU.Build.0 = Debug|Any CPU
		{362BC603-4D9F-48FA-8E5A-CE1AD9B9CAF5}.Release|Any CPU.ActiveCfg = Release|Any CPU
		{362BC603-4D9F-48FA-8E5A-CE1AD9B9CAF5}.Release|Any CPU.Build.0 = Release|Any CPU
		{6FFF0A10-E98D-403A-95AD-417ECD10E6C5}.Debug|Any CPU.ActiveCfg = Debug|Any CPU
		{6FFF0A10-E98D-403A-95AD-417ECD10E6C5}.Debug|Any CPU.Build.0 = Debug|Any CPU
		{6FFF0A10-E98D-403A-95AD-417ECD10E6C5}.Release|Any CPU.ActiveCfg = Release|Any CPU
		{6FFF0A10-E98D-403A-95AD-417ECD10E6C5}.Release|Any CPU.Build.0 = Release|Any CPU
		{CDECEDB3-C79F-4E5B-A123-0184784B679F}.Debug|Any CPU.ActiveCfg = Debug|Any CPU
		{CDECEDB3-C79F-4E5B-A123-0184784B679F}.Debug|Any CPU.Build.0 = Debug|Any CPU
		{CDECEDB3-C79F-4E5B-A123-0184784B679F}.Release|Any CPU.ActiveCfg = Release|Any CPU
		{CDECEDB3-C79F-4E5B-A123-0184784B679F}.Release|Any CPU.Build.0 = Release|Any CPU
		{D74756A3-688F-4C6B-AF53-97E6A859D289}.Debug|Any CPU.ActiveCfg = Debug|Any CPU
		{D74756A3-688F-4C6B-AF53-97E6A859D289}.Debug|Any CPU.Build.0 = Debug|Any CPU
		{D74756A3-688F-4C6B-AF53-97E6A859D289}.Release|Any CPU.ActiveCfg = Release|Any CPU
		{D74756A3-688F-4C6B-AF53-97E6A859D289}.Release|Any CPU.Build.0 = Release|Any CPU
		{238DBCC9-F361-4B9F-A3EB-221657128F22}.Debug|Any CPU.ActiveCfg = Debug|Any CPU
		{238DBCC9-F361-4B9F-A3EB-221657128F22}.Debug|Any CPU.Build.0 = Debug|Any CPU
		{238DBCC9-F361-4B9F-A3EB-221657128F22}.Release|Any CPU.ActiveCfg = Release|Any CPU
		{238DBCC9-F361-4B9F-A3EB-221657128F22}.Release|Any CPU.Build.0 = Release|Any CPU
		{E7BB3585-7CDC-469F-BD44-6944CB86363B}.Debug|Any CPU.ActiveCfg = Debug|Any CPU
		{E7BB3585-7CDC-469F-BD44-6944CB86363B}.Debug|Any CPU.Build.0 = Debug|Any CPU
		{E7BB3585-7CDC-469F-BD44-6944CB86363B}.Release|Any CPU.ActiveCfg = Release|Any CPU
		{E7BB3585-7CDC-469F-BD44-6944CB86363B}.Release|Any CPU.Build.0 = Release|Any CPU
		{C80391E8-00FE-4E08-9856-F3D80250120B}.Debug|Any CPU.ActiveCfg = Debug|Any CPU
		{C80391E8-00FE-4E08-9856-F3D80250120B}.Debug|Any CPU.Build.0 = Debug|Any CPU
		{C80391E8-00FE-4E08-9856-F3D80250120B}.Release|Any CPU.ActiveCfg = Release|Any CPU
		{C80391E8-00FE-4E08-9856-F3D80250120B}.Release|Any CPU.Build.0 = Release|Any CPU
		{9D63E33E-9A2E-4D4B-8FE5-59563403BD9F}.Debug|Any CPU.ActiveCfg = Debug|Any CPU
		{9D63E33E-9A2E-4D4B-8FE5-59563403BD9F}.Debug|Any CPU.Build.0 = Debug|Any CPU
		{9D63E33E-9A2E-4D4B-8FE5-59563403BD9F}.Release|Any CPU.ActiveCfg = Release|Any CPU
		{9D63E33E-9A2E-4D4B-8FE5-59563403BD9F}.Release|Any CPU.Build.0 = Release|Any CPU
	EndGlobalSection
EndGlobal
